# THIS IS AN AUTOGENERATED FILE. DO NOT EDIT THIS FILE DIRECTLY.
# yarn lockfile v1


"nan@2.17.0":
  "integrity" "sha512-2ZTgtl0nJsO0KQCjEpxcIr5D+Yv90plTitZt9JBfQvVJDS5seMl3FOvsh3+9CoYWXf/1l5OaZzzF6nDm4cagaQ=="
  "resolved" "https://registry.npmjs.org/nan/-/nan-2.17.0.tgz"
  "version" "2.17.0"

"prettier@2.3.2":
  "integrity" "sha512-lnJzDfJ66zkMy58OL5/NY5zp70S7Nz6KqcKkXYzn2tMVrNxvbqaBpg7H3qHaLxCJ5lNMsGuM8+ohS7cZrthdLQ=="
  "resolved" "https://registry.npmjs.org/prettier/-/prettier-2.3.2.tgz"
  "version" "2.3.2"

"tree-sitter-cli@0.20.7":
  "integrity" "sha512-MHABT8oCPr4D0fatsPo6ATQ9H4h9vHpPRjlxkxJs80tpfAEKGn6A1zU3eqfCKBcgmfZDe9CiL3rKOGMzYHwA3w=="
  "resolved" "https://registry.npmjs.org/tree-sitter-cli/-/tree-sitter-cli-0.20.7.tgz"
  "version" "0.20.7"
