# THIS IS AN AUTOGENERATED FILE. DO NOT EDIT THIS FILE DIRECTLY.
# yarn lockfile v1


nan@2.14.2:
  version "2.14.2"
  resolved "https://registry.yarnpkg.com/nan/-/nan-2.14.2.tgz#f5376400695168f4cc694ac9393d0c9585eeea19"
  integrity sha512-M2ufzIiINKCuDfBSAUr1vWQ+vuVcA9kqx8JJUsbQi6yf1uGRyb7HfpdfUr5qLXf3B/t8dPvcjhKMmlfnP47EzQ==

prettier@2.3.2:
  version "2.3.2"
  resolved "https://registry.yarnpkg.com/prettier/-/prettier-2.3.2.tgz#ef280a05ec253712e486233db5c6f23441e7342d"
  integrity sha512-lnJzDfJ66zkMy58OL5/NY5zp70S7Nz6KqcKkXYzn2tMVrNxvbqaBpg7H3qHaLxCJ5lNMsGuM8+ohS7cZrthdLQ==

tree-sitter-cli@0.20.6:
  version "0.20.6"
  resolved "https://registry.yarnpkg.com/tree-sitter-cli/-/tree-sitter-cli-0.20.6.tgz#2a7202190d7bd64e112b451f94573dbe40a04f04"
  integrity sha512-tjbAeuGSMhco/EnsThjWkQbDIYMDmdkWsTPsa/NJAW7bjaki9P7oM9TkLxfdlnm4LXd1wR5wVSM2/RTLtZbm6A==
